
Microsoft Visual Studio Solution File, Format Version 12.00
# Visual Studio Version 17
VisualStudioVersion = 17.8.34511.84
MinimumVisualStudioVersion = 10.0.40219.1
Project("{FAE04EC0-301F-11D3-BF4B-00C04F79EFBC}") = "Rainfall API", "Rainfall API\Rainfall API.csproj", "{8FC51981-DB3E-43E4-B48E-966D5185B8F9}"
EndProject
Global
	GlobalSection(SolutionConfigurationPlatforms) = preSolution
		Debug|Any CPU = Debug|Any CPU
		Release|Any CPU = Release|Any CPU
	EndGlobalSection
	GlobalSection(ProjectConfigurationPlatforms) = postSolution
		{8FC51981-DB3E-43E4-B48E-966D5185B8F9}.Debug|Any CPU.ActiveCfg = Debug|Any CPU
		{8FC51981-DB3E-43E4-B48E-966D5185B8F9}.Debug|Any CPU.Build.0 = Debug|Any CPU
		{8FC51981-DB3E-43E4-B48E-966D5185B8F9}.Release|Any CPU.ActiveCfg = Release|Any CPU
		{8FC51981-DB3E-43E4-B48E-966D5185B8F9}.Release|Any CPU.Build.0 = Release|Any CPU
	EndGlobalSection
	GlobalSection(SolutionProperties) = preSolution
		HideSolutionNode = FALSE
	EndGlobalSection
	GlobalSection(ExtensibilityGlobals) = postSolution
		SolutionGuid = {A6EC620B-D8E1-423F-8F66-B0E68634F799}
	EndGlobalSection
EndGlobal
